// !$*UTF8*$!
{
	archiveVersion = 1;
	classes = {
	};
	objectVersion = 55;
	objects = {

/* Begin PBXBuildFile section */
		C434AB3C28DEC2A60033909F /* VideoPlayerView.swift in Sources */ = {isa = PBXBuildFile; fileRef = C434AB3B28DEC2A60033909F /* VideoPlayerView.swift */; };
		C434AB4128DEC42C0033909F /* VideoPlayerHelper.swift in Sources */ = {isa = PBXBuildFile; fileRef = C434AB4028DEC42C0033909F /* VideoPlayerHelper.swift */; };
		C434AB4328DF7C750033909F /* LocationModel.swift in Sources */ = {isa = PBXBuildFile; fileRef = C434AB4228DF7C750033909F /* LocationModel.swift */; };
		C434AB4528E105540033909F /* MapAnnotationView.swift in Sources */ = {isa = PBXBuildFile; fileRef = C434AB4428E105540033909F /* MapAnnotationView.swift */; };
		C46247F428DD5CCA005DB65F /* AnimalDetailView.swift in Sources */ = {isa = PBXBuildFile; fileRef = C46247F328DD5CCA005DB65F /* AnimalDetailView.swift */; };
		C46247F628DD5EB6005DB65F /* HeadingView.swift in Sources */ = {isa = PBXBuildFile; fileRef = C46247F528DD5EB6005DB65F /* HeadingView.swift */; };
		C46247F828DD6068005DB65F /* InsetGalleryView.swift in Sources */ = {isa = PBXBuildFile; fileRef = C46247F728DD6068005DB65F /* InsetGalleryView.swift */; };
		C46247FA28DD6356005DB65F /* InsetFactView.swift in Sources */ = {isa = PBXBuildFile; fileRef = C46247F928DD6356005DB65F /* InsetFactView.swift */; };
		C46247FC28DD6557005DB65F /* InsetMapView.swift in Sources */ = {isa = PBXBuildFile; fileRef = C46247FB28DD6557005DB65F /* InsetMapView.swift */; };
		C46247FE28DD67D8005DB65F /* ExternalWebLinkView.swift in Sources */ = {isa = PBXBuildFile; fileRef = C46247FD28DD67D8005DB65F /* ExternalWebLinkView.swift */; };
		C462480028DE4220005DB65F /* VideoModel.swift in Sources */ = {isa = PBXBuildFile; fileRef = C46247FF28DE4220005DB65F /* VideoModel.swift */; };
		C462480228DE4280005DB65F /* VideoListItemView.swift in Sources */ = {isa = PBXBuildFile; fileRef = C462480128DE4280005DB65F /* VideoListItemView.swift */; };
		C4A5FC0C28DC1D3800167023 /* AfricaApp.swift in Sources */ = {isa = PBXBuildFile; fileRef = C4A5FC0B28DC1D3800167023 /* AfricaApp.swift */; };
		C4A5FC0E28DC1D3800167023 /* ContentView.swift in Sources */ = {isa = PBXBuildFile; fileRef = C4A5FC0D28DC1D3800167023 /* ContentView.swift */; };
		C4A5FC1028DC1D3A00167023 /* Assets.xcassets in Resources */ = {isa = PBXBuildFile; fileRef = C4A5FC0F28DC1D3A00167023 /* Assets.xcassets */; };
		C4A5FC1328DC1D3A00167023 /* Preview Assets.xcassets in Resources */ = {isa = PBXBuildFile; fileRef = C4A5FC1228DC1D3A00167023 /* Preview Assets.xcassets */; };
		C4A5FC2428DC215D00167023 /* lioness.mp4 in Resources */ = {isa = PBXBuildFile; fileRef = C4A5FC1A28DC215B00167023 /* lioness.mp4 */; };
		C4A5FC2528DC215D00167023 /* elephant.mp4 in Resources */ = {isa = PBXBuildFile; fileRef = C4A5FC1B28DC215B00167023 /* elephant.mp4 */; };
		C4A5FC2628DC215D00167023 /* ostrich.mp4 in Resources */ = {isa = PBXBuildFile; fileRef = C4A5FC1C28DC215C00167023 /* ostrich.mp4 */; };
		C4A5FC2728DC215D00167023 /* lion.mp4 in Resources */ = {isa = PBXBuildFile; fileRef = C4A5FC1D28DC215C00167023 /* lion.mp4 */; };
		C4A5FC2828DC215D00167023 /* gorilla.mp4 in Resources */ = {isa = PBXBuildFile; fileRef = C4A5FC1E28DC215C00167023 /* gorilla.mp4 */; };
		C4A5FC2928DC215D00167023 /* giraffe.mp4 in Resources */ = {isa = PBXBuildFile; fileRef = C4A5FC1F28DC215C00167023 /* giraffe.mp4 */; };
		C4A5FC2A28DC215D00167023 /* rhino.mp4 in Resources */ = {isa = PBXBuildFile; fileRef = C4A5FC2028DC215D00167023 /* rhino.mp4 */; };
		C4A5FC2B28DC215D00167023 /* hippo.mp4 in Resources */ = {isa = PBXBuildFile; fileRef = C4A5FC2128DC215D00167023 /* hippo.mp4 */; };
		C4A5FC2C28DC215D00167023 /* cheetah.mp4 in Resources */ = {isa = PBXBuildFile; fileRef = C4A5FC2228DC215D00167023 /* cheetah.mp4 */; };
		C4A5FC2D28DC215D00167023 /* zebra.mp4 in Resources */ = {isa = PBXBuildFile; fileRef = C4A5FC2328DC215D00167023 /* zebra.mp4 */; };
		C4A5FC3328DC21E800167023 /* videos.json in Resources */ = {isa = PBXBuildFile; fileRef = C4A5FC2F28DC21E800167023 /* videos.json */; };
		C4A5FC3428DC21E800167023 /* covers.json in Resources */ = {isa = PBXBuildFile; fileRef = C4A5FC3028DC21E800167023 /* covers.json */; };
		C4A5FC3528DC21E800167023 /* animals.json in Resources */ = {isa = PBXBuildFile; fileRef = C4A5FC3128DC21E800167023 /* animals.json */; };
		C4A5FC3628DC21E800167023 /* locations.json in Resources */ = {isa = PBXBuildFile; fileRef = C4A5FC3228DC21E800167023 /* locations.json */; };
		C4A5FC3A28DC240400167023 /* VideoListView.swift in Sources */ = {isa = PBXBuildFile; fileRef = C4A5FC3928DC240400167023 /* VideoListView.swift */; };
		C4A5FC3C28DC241000167023 /* MapView.swift in Sources */ = {isa = PBXBuildFile; fileRef = C4A5FC3B28DC241000167023 /* MapView.swift */; };
		C4A5FC3E28DC245100167023 /* GalleryView.swift in Sources */ = {isa = PBXBuildFile; fileRef = C4A5FC3D28DC245100167023 /* GalleryView.swift */; };
		C4A5FC4028DC247300167023 /* MainView.swift in Sources */ = {isa = PBXBuildFile; fileRef = C4A5FC3F28DC247300167023 /* MainView.swift */; };
		C4A5FC4328DD16D600167023 /* CoverImageView.swift in Sources */ = {isa = PBXBuildFile; fileRef = C4A5FC4228DD16D600167023 /* CoverImageView.swift */; };
		C4A5FC4828DD29FA00167023 /* CoverImageModel.swift in Sources */ = {isa = PBXBuildFile; fileRef = C4A5FC4728DD29FA00167023 /* CoverImageModel.swift */; };
		C4A5FC4B28DD2C7000167023 /* CodableBundleExtension.swift in Sources */ = {isa = PBXBuildFile; fileRef = C4A5FC4A28DD2C7000167023 /* CodableBundleExtension.swift */; };
		C4A5FC4D28DD3ECD00167023 /* AnimalListItemView.swift in Sources */ = {isa = PBXBuildFile; fileRef = C4A5FC4C28DD3ECD00167023 /* AnimalListItemView.swift */; };
		C4A5FC4F28DD523500167023 /* AnimalModel.swift in Sources */ = {isa = PBXBuildFile; fileRef = C4A5FC4E28DD523500167023 /* AnimalModel.swift */; };
/* End PBXBuildFile section */

/* Begin PBXFileReference section */
		C434AB3B28DEC2A60033909F /* VideoPlayerView.swift */ = {isa = PBXFileReference; lastKnownFileType = sourcecode.swift; path = VideoPlayerView.swift; sourceTree = "<group>"; };
		C434AB4028DEC42C0033909F /* VideoPlayerHelper.swift */ = {isa = PBXFileReference; lastKnownFileType = sourcecode.swift; path = VideoPlayerHelper.swift; sourceTree = "<group>"; };
		C434AB4228DF7C750033909F /* LocationModel.swift */ = {isa = PBXFileReference; lastKnownFileType = sourcecode.swift; path = LocationModel.swift; sourceTree = "<group>"; };
		C434AB4428E105540033909F /* MapAnnotationView.swift */ = {isa = PBXFileReference; lastKnownFileType = sourcecode.swift; path = MapAnnotationView.swift; sourceTree = "<group>"; };
		C46247F328DD5CCA005DB65F /* AnimalDetailView.swift */ = {isa = PBXFileReference; lastKnownFileType = sourcecode.swift; path = AnimalDetailView.swift; sourceTree = "<group>"; };
		C46247F528DD5EB6005DB65F /* HeadingView.swift */ = {isa = PBXFileReference; lastKnownFileType = sourcecode.swift; path = HeadingView.swift; sourceTree = "<group>"; };
		C46247F728DD6068005DB65F /* InsetGalleryView.swift */ = {isa = PBXFileReference; lastKnownFileType = sourcecode.swift; path = InsetGalleryView.swift; sourceTree = "<group>"; };
		C46247F928DD6356005DB65F /* InsetFactView.swift */ = {isa = PBXFileReference; lastKnownFileType = sourcecode.swift; path = InsetFactView.swift; sourceTree = "<group>"; };
		C46247FB28DD6557005DB65F /* InsetMapView.swift */ = {isa = PBXFileReference; lastKnownFileType = sourcecode.swift; path = InsetMapView.swift; sourceTree = "<group>"; };
		C46247FD28DD67D8005DB65F /* ExternalWebLinkView.swift */ = {isa = PBXFileReference; lastKnownFileType = sourcecode.swift; path = ExternalWebLinkView.swift; sourceTree = "<group>"; };
		C46247FF28DE4220005DB65F /* VideoModel.swift */ = {isa = PBXFileReference; lastKnownFileType = sourcecode.swift; path = VideoModel.swift; sourceTree = "<group>"; };
		C462480128DE4280005DB65F /* VideoListItemView.swift */ = {isa = PBXFileReference; lastKnownFileType = sourcecode.swift; path = VideoListItemView.swift; sourceTree = "<group>"; };
		C4A5FC0828DC1D3800167023 /* Africa.app */ = {isa = PBXFileReference; explicitFileType = wrapper.application; includeInIndex = 0; path = Africa.app; sourceTree = BUILT_PRODUCTS_DIR; };
		C4A5FC0B28DC1D3800167023 /* AfricaApp.swift */ = {isa = PBXFileReference; lastKnownFileType = sourcecode.swift; path = AfricaApp.swift; sourceTree = "<group>"; };
		C4A5FC0D28DC1D3800167023 /* ContentView.swift */ = {isa = PBXFileReference; lastKnownFileType = sourcecode.swift; path = ContentView.swift; sourceTree = "<group>"; };
		C4A5FC0F28DC1D3A00167023 /* Assets.xcassets */ = {isa = PBXFileReference; lastKnownFileType = folder.assetcatalog; path = Assets.xcassets; sourceTree = "<group>"; };
		C4A5FC1228DC1D3A00167023 /* Preview Assets.xcassets */ = {isa = PBXFileReference; lastKnownFileType = folder.assetcatalog; path = "Preview Assets.xcassets"; sourceTree = "<group>"; };
		C4A5FC1A28DC215B00167023 /* lioness.mp4 */ = {isa = PBXFileReference; lastKnownFileType = file; path = lioness.mp4; sourceTree = "<group>"; };
		C4A5FC1B28DC215B00167023 /* elephant.mp4 */ = {isa = PBXFileReference; lastKnownFileType = file; path = elephant.mp4; sourceTree = "<group>"; };
		C4A5FC1C28DC215C00167023 /* ostrich.mp4 */ = {isa = PBXFileReference; lastKnownFileType = file; path = ostrich.mp4; sourceTree = "<group>"; };
		C4A5FC1D28DC215C00167023 /* lion.mp4 */ = {isa = PBXFileReference; lastKnownFileType = file; path = lion.mp4; sourceTree = "<group>"; };
		C4A5FC1E28DC215C00167023 /* gorilla.mp4 */ = {isa = PBXFileReference; lastKnownFileType = file; path = gorilla.mp4; sourceTree = "<group>"; };
		C4A5FC1F28DC215C00167023 /* giraffe.mp4 */ = {isa = PBXFileReference; lastKnownFileType = file; path = giraffe.mp4; sourceTree = "<group>"; };
		C4A5FC2028DC215D00167023 /* rhino.mp4 */ = {isa = PBXFileReference; lastKnownFileType = file; path = rhino.mp4; sourceTree = "<group>"; };
		C4A5FC2128DC215D00167023 /* hippo.mp4 */ = {isa = PBXFileReference; lastKnownFileType = file; path = hippo.mp4; sourceTree = "<group>"; };
		C4A5FC2228DC215D00167023 /* cheetah.mp4 */ = {isa = PBXFileReference; lastKnownFileType = file; path = cheetah.mp4; sourceTree = "<group>"; };
		C4A5FC2328DC215D00167023 /* zebra.mp4 */ = {isa = PBXFileReference; lastKnownFileType = file; path = zebra.mp4; sourceTree = "<group>"; };
		C4A5FC2F28DC21E800167023 /* videos.json */ = {isa = PBXFileReference; fileEncoding = 4; lastKnownFileType = text.json; path = videos.json; sourceTree = "<group>"; };
		C4A5FC3028DC21E800167023 /* covers.json */ = {isa = PBXFileReference; fileEncoding = 4; lastKnownFileType = text.json; path = covers.json; sourceTree = "<group>"; };
		C4A5FC3128DC21E800167023 /* animals.json */ = {isa = PBXFileReference; fileEncoding = 4; lastKnownFileType = text.json; path = animals.json; sourceTree = "<group>"; };
		C4A5FC3228DC21E800167023 /* locations.json */ = {isa = PBXFileReference; fileEncoding = 4; lastKnownFileType = text.json; path = locations.json; sourceTree = "<group>"; };
		C4A5FC3728DC230C00167023 /* Info.plist */ = {isa = PBXFileReference; lastKnownFileType = text.plist; path = Info.plist; sourceTree = "<group>"; };
		C4A5FC3928DC240400167023 /* VideoListView.swift */ = {isa = PBXFileReference; lastKnownFileType = sourcecode.swift; path = VideoListView.swift; sourceTree = "<group>"; };
		C4A5FC3B28DC241000167023 /* MapView.swift */ = {isa = PBXFileReference; lastKnownFileType = sourcecode.swift; path = MapView.swift; sourceTree = "<group>"; };
		C4A5FC3D28DC245100167023 /* GalleryView.swift */ = {isa = PBXFileReference; lastKnownFileType = sourcecode.swift; path = GalleryView.swift; sourceTree = "<group>"; };
		C4A5FC3F28DC247300167023 /* MainView.swift */ = {isa = PBXFileReference; lastKnownFileType = sourcecode.swift; path = MainView.swift; sourceTree = "<group>"; };
		C4A5FC4228DD16D600167023 /* CoverImageView.swift */ = {isa = PBXFileReference; lastKnownFileType = sourcecode.swift; path = CoverImageView.swift; sourceTree = "<group>"; };
		C4A5FC4728DD29FA00167023 /* CoverImageModel.swift */ = {isa = PBXFileReference; lastKnownFileType = sourcecode.swift; path = CoverImageModel.swift; sourceTree = "<group>"; };
		C4A5FC4A28DD2C7000167023 /* CodableBundleExtension.swift */ = {isa = PBXFileReference; lastKnownFileType = sourcecode.swift; path = CodableBundleExtension.swift; sourceTree = "<group>"; };
		C4A5FC4C28DD3ECD00167023 /* AnimalListItemView.swift */ = {isa = PBXFileReference; lastKnownFileType = sourcecode.swift; path = AnimalListItemView.swift; sourceTree = "<group>"; };
		C4A5FC4E28DD523500167023 /* AnimalModel.swift */ = {isa = PBXFileReference; lastKnownFileType = sourcecode.swift; path = AnimalModel.swift; sourceTree = "<group>"; };
/* End PBXFileReference section */

/* Begin PBXFrameworksBuildPhase section */
		C4A5FC0528DC1D3800167023 /* Frameworks */ = {
			isa = PBXFrameworksBuildPhase;
			buildActionMask = 2147483647;
			files = (
			);
			runOnlyForDeploymentPostprocessing = 0;
		};
/* End PBXFrameworksBuildPhase section */

/* Begin PBXGroup section */
		C434AB3D28DEC39C0033909F /* Helper */ = {
			isa = PBXGroup;
			children = (
				C434AB4028DEC42C0033909F /* VideoPlayerHelper.swift */,
			);
			path = Helper;
			sourceTree = "<group>";
		};
		C4A5FBFF28DC1D3800167023 = {
			isa = PBXGroup;
			children = (
				C4A5FC0A28DC1D3800167023 /* Africa */,
				C4A5FC0928DC1D3800167023 /* Products */,
			);
			sourceTree = "<group>";
		};
		C4A5FC0928DC1D3800167023 /* Products */ = {
			isa = PBXGroup;
			children = (
				C4A5FC0828DC1D3800167023 /* Africa.app */,
			);
			name = Products;
			sourceTree = "<group>";
		};
		C4A5FC0A28DC1D3800167023 /* Africa */ = {
			isa = PBXGroup;
			children = (
				C434AB3D28DEC39C0033909F /* Helper */,
				C4A5FC4928DD2B6A00167023 /* Extension */,
				C4A5FC4428DD19CE00167023 /* Model */,
				C4A5FC4128DD16BC00167023 /* View */,
				C4A5FC3728DC230C00167023 /* Info.plist */,
				C4A5FC2E28DC219600167023 /* Data */,
				C4A5FC1928DC211600167023 /* Video */,
				C4A5FC3828DC23AF00167023 /* App */,
				C4A5FC0F28DC1D3A00167023 /* Assets.xcassets */,
				C4A5FC1128DC1D3A00167023 /* Preview Content */,
			);
			path = Africa;
			sourceTree = "<group>";
		};
		C4A5FC1128DC1D3A00167023 /* Preview Content */ = {
			isa = PBXGroup;
			children = (
				C4A5FC1228DC1D3A00167023 /* Preview Assets.xcassets */,
			);
			path = "Preview Content";
			sourceTree = "<group>";
		};
		C4A5FC1928DC211600167023 /* Video */ = {
			isa = PBXGroup;
			children = (
				C4A5FC2228DC215D00167023 /* cheetah.mp4 */,
				C4A5FC1B28DC215B00167023 /* elephant.mp4 */,
				C4A5FC1F28DC215C00167023 /* giraffe.mp4 */,
				C4A5FC1E28DC215C00167023 /* gorilla.mp4 */,
				C4A5FC2128DC215D00167023 /* hippo.mp4 */,
				C4A5FC1D28DC215C00167023 /* lion.mp4 */,
				C4A5FC1A28DC215B00167023 /* lioness.mp4 */,
				C4A5FC1C28DC215C00167023 /* ostrich.mp4 */,
				C4A5FC2028DC215D00167023 /* rhino.mp4 */,
				C4A5FC2328DC215D00167023 /* zebra.mp4 */,
			);
			path = Video;
			sourceTree = "<group>";
		};
		C4A5FC2E28DC219600167023 /* Data */ = {
			isa = PBXGroup;
			children = (
				C4A5FC3128DC21E800167023 /* animals.json */,
				C4A5FC3028DC21E800167023 /* covers.json */,
				C4A5FC3228DC21E800167023 /* locations.json */,
				C4A5FC2F28DC21E800167023 /* videos.json */,
			);
			path = Data;
			sourceTree = "<group>";
		};
		C4A5FC3828DC23AF00167023 /* App */ = {
			isa = PBXGroup;
			children = (
				C4A5FC0B28DC1D3800167023 /* AfricaApp.swift */,
				C4A5FC0D28DC1D3800167023 /* ContentView.swift */,
				C4A5FC3928DC240400167023 /* VideoListView.swift */,
				C4A5FC3B28DC241000167023 /* MapView.swift */,
				C4A5FC3D28DC245100167023 /* GalleryView.swift */,
				C4A5FC3F28DC247300167023 /* MainView.swift */,
			);
			path = App;
			sourceTree = "<group>";
		};
		C4A5FC4128DD16BC00167023 /* View */ = {
			isa = PBXGroup;
			children = (
				C4A5FC4228DD16D600167023 /* CoverImageView.swift */,
				C4A5FC4C28DD3ECD00167023 /* AnimalListItemView.swift */,
				C46247F328DD5CCA005DB65F /* AnimalDetailView.swift */,
				C46247F528DD5EB6005DB65F /* HeadingView.swift */,
				C46247F728DD6068005DB65F /* InsetGalleryView.swift */,
				C46247F928DD6356005DB65F /* InsetFactView.swift */,
				C46247FB28DD6557005DB65F /* InsetMapView.swift */,
				C46247FD28DD67D8005DB65F /* ExternalWebLinkView.swift */,
				C462480128DE4280005DB65F /* VideoListItemView.swift */,
				C434AB3B28DEC2A60033909F /* VideoPlayerView.swift */,
				C434AB4428E105540033909F /* MapAnnotationView.swift */,
			);
			path = View;
			sourceTree = "<group>";
		};
		C4A5FC4428DD19CE00167023 /* Model */ = {
			isa = PBXGroup;
			children = (
				C4A5FC4728DD29FA00167023 /* CoverImageModel.swift */,
				C4A5FC4E28DD523500167023 /* AnimalModel.swift */,
				C46247FF28DE4220005DB65F /* VideoModel.swift */,
				C434AB4228DF7C750033909F /* LocationModel.swift */,
			);
			path = Model;
			sourceTree = "<group>";
		};
		C4A5FC4928DD2B6A00167023 /* Extension */ = {
			isa = PBXGroup;
			children = (
				C4A5FC4A28DD2C7000167023 /* CodableBundleExtension.swift */,
			);
			path = Extension;
			sourceTree = "<group>";
		};
/* End PBXGroup section */

/* Begin PBXNativeTarget section */
		C4A5FC0728DC1D3800167023 /* Africa */ = {
			isa = PBXNativeTarget;
			buildConfigurationList = C4A5FC1628DC1D3A00167023 /* Build configuration list for PBXNativeTarget "Africa" */;
			buildPhases = (
				C4A5FC0428DC1D3800167023 /* Sources */,
				C4A5FC0528DC1D3800167023 /* Frameworks */,
				C4A5FC0628DC1D3800167023 /* Resources */,
			);
			buildRules = (
			);
			dependencies = (
			);
			name = Africa;
			productName = Africa;
			productReference = C4A5FC0828DC1D3800167023 /* Africa.app */;
			productType = "com.apple.product-type.application";
		};
/* End PBXNativeTarget section */

/* Begin PBXProject section */
		C4A5FC0028DC1D3800167023 /* Project object */ = {
			isa = PBXProject;
			attributes = {
				BuildIndependentTargetsInParallel = 1;
				LastSwiftUpdateCheck = 1340;
				LastUpgradeCheck = 1340;
				TargetAttributes = {
					C4A5FC0728DC1D3800167023 = {
						CreatedOnToolsVersion = 13.4.1;
					};
				};
			};
			buildConfigurationList = C4A5FC0328DC1D3800167023 /* Build configuration list for PBXProject "Africa" */;
			compatibilityVersion = "Xcode 13.0";
			developmentRegion = en;
			hasScannedForEncodings = 0;
			knownRegions = (
				en,
				Base,
			);
			mainGroup = C4A5FBFF28DC1D3800167023;
			productRefGroup = C4A5FC0928DC1D3800167023 /* Products */;
			projectDirPath = "";
			projectRoot = "";
			targets = (
				C4A5FC0728DC1D3800167023 /* Africa */,
			);
		};
/* End PBXProject section */

/* Begin PBXResourcesBuildPhase section */
		C4A5FC0628DC1D3800167023 /* Resources */ = {
			isa = PBXResourcesBuildPhase;
			buildActionMask = 2147483647;
			files = (
				C4A5FC3528DC21E800167023 /* animals.json in Resources */,
				C4A5FC2B28DC215D00167023 /* hippo.mp4 in Resources */,
				C4A5FC3628DC21E800167023 /* locations.json in Resources */,
				C4A5FC2528DC215D00167023 /* elephant.mp4 in Resources */,
				C4A5FC2728DC215D00167023 /* lion.mp4 in Resources */,
				C4A5FC1328DC1D3A00167023 /* Preview Assets.xcassets in Resources */,
				C4A5FC3328DC21E800167023 /* videos.json in Resources */,
				C4A5FC2D28DC215D00167023 /* zebra.mp4 in Resources */,
				C4A5FC2A28DC215D00167023 /* rhino.mp4 in Resources */,
				C4A5FC3428DC21E800167023 /* covers.json in Resources */,
				C4A5FC2828DC215D00167023 /* gorilla.mp4 in Resources */,
				C4A5FC1028DC1D3A00167023 /* Assets.xcassets in Resources */,
				C4A5FC2628DC215D00167023 /* ostrich.mp4 in Resources */,
				C4A5FC2928DC215D00167023 /* giraffe.mp4 in Resources */,
				C4A5FC2428DC215D00167023 /* lioness.mp4 in Resources */,
				C4A5FC2C28DC215D00167023 /* cheetah.mp4 in Resources */,
			);
			runOnlyForDeploymentPostprocessing = 0;
		};
/* End PBXResourcesBuildPhase section */

/* Begin PBXSourcesBuildPhase section */
		C4A5FC0428DC1D3800167023 /* Sources */ = {
			isa = PBXSourcesBuildPhase;
			buildActionMask = 2147483647;
			files = (
				C4A5FC0E28DC1D3800167023 /* ContentView.swift in Sources */,
				C4A5FC4D28DD3ECD00167023 /* AnimalListItemView.swift in Sources */,
				C4A5FC4028DC247300167023 /* MainView.swift in Sources */,
				C46247FA28DD6356005DB65F /* InsetFactView.swift in Sources */,
				C4A5FC4328DD16D600167023 /* CoverImageView.swift in Sources */,
				C4A5FC4828DD29FA00167023 /* CoverImageModel.swift in Sources */,
				C46247F428DD5CCA005DB65F /* AnimalDetailView.swift in Sources */,
				C4A5FC4F28DD523500167023 /* AnimalModel.swift in Sources */,
				C4A5FC3C28DC241000167023 /* MapView.swift in Sources */,
				C46247FC28DD6557005DB65F /* InsetMapView.swift in Sources */,
				C434AB4128DEC42C0033909F /* VideoPlayerHelper.swift in Sources */,
				C4A5FC0C28DC1D3800167023 /* AfricaApp.swift in Sources */,
				C46247FE28DD67D8005DB65F /* ExternalWebLinkView.swift in Sources */,
				C434AB4528E105540033909F /* MapAnnotationView.swift in Sources */,
				C4A5FC3A28DC240400167023 /* VideoListView.swift in Sources */,
				C462480028DE4220005DB65F /* VideoModel.swift in Sources */,
				C4A5FC3E28DC245100167023 /* GalleryView.swift in Sources */,
				C434AB4328DF7C750033909F /* LocationModel.swift in Sources */,
				C46247F828DD6068005DB65F /* InsetGalleryView.swift in Sources */,
				C462480228DE4280005DB65F /* VideoListItemView.swift in Sources */,
				C4A5FC4B28DD2C7000167023 /* CodableBundleExtension.swift in Sources */,
				C46247F628DD5EB6005DB65F /* HeadingView.swift in Sources */,
				C434AB3C28DEC2A60033909F /* VideoPlayerView.swift in Sources */,
			);
			runOnlyForDeploymentPostprocessing = 0;
		};
/* End PBXSourcesBuildPhase section */

/* Begin XCBuildConfiguration section */
		C4A5FC1428DC1D3A00167023 /* Debug */ = {
			isa = XCBuildConfiguration;
			buildSettings = {
				ALWAYS_SEARCH_USER_PATHS = NO;
				CLANG_ANALYZER_NONNULL = YES;
				CLANG_ANALYZER_NUMBER_OBJECT_CONVERSION = YES_AGGRESSIVE;
				CLANG_CXX_LANGUAGE_STANDARD = "gnu++17";
				CLANG_ENABLE_MODULES = YES;
				CLANG_ENABLE_OBJC_ARC = YES;
				CLANG_ENABLE_OBJC_WEAK = YES;
				CLANG_WARN_BLOCK_CAPTURE_AUTORELEASING = YES;
				CLANG_WARN_BOOL_CONVERSION = YES;
				CLANG_WARN_COMMA = YES;
				CLANG_WARN_CONSTANT_CONVERSION = YES;
				CLANG_WARN_DEPRECATED_OBJC_IMPLEMENTATIONS = YES;
				CLANG_WARN_DIRECT_OBJC_ISA_USAGE = YES_ERROR;
				CLANG_WARN_DOCUMENTATION_COMMENTS = YES;
				CLANG_WARN_EMPTY_BODY = YES;
				CLANG_WARN_ENUM_CONVERSION = YES;
				CLANG_WARN_INFINITE_RECURSION = YES;
				CLANG_WARN_INT_CONVERSION = YES;
				CLANG_WARN_NON_LITERAL_NULL_CONVERSION = YES;
				CLANG_WARN_OBJC_IMPLICIT_RETAIN_SELF = YES;
				CLANG_WARN_OBJC_LITERAL_CONVERSION = YES;
				CLANG_WARN_OBJC_ROOT_CLASS = YES_ERROR;
				CLANG_WARN_QUOTED_INCLUDE_IN_FRAMEWORK_HEADER = YES;
				CLANG_WARN_RANGE_LOOP_ANALYSIS = YES;
				CLANG_WARN_STRICT_PROTOTYPES = YES;
				CLANG_WARN_SUSPICIOUS_MOVE = YES;
				CLANG_WARN_UNGUARDED_AVAILABILITY = YES_AGGRESSIVE;
				CLANG_WARN_UNREACHABLE_CODE = YES;
				CLANG_WARN__DUPLICATE_METHOD_MATCH = YES;
				COPY_PHASE_STRIP = NO;
				DEBUG_INFORMATION_FORMAT = dwarf;
				ENABLE_STRICT_OBJC_MSGSEND = YES;
				ENABLE_TESTABILITY = YES;
				GCC_C_LANGUAGE_STANDARD = gnu11;
				GCC_DYNAMIC_NO_PIC = NO;
				GCC_NO_COMMON_BLOCKS = YES;
				GCC_OPTIMIZATION_LEVEL = 0;
				GCC_PREPROCESSOR_DEFINITIONS = (
					"DEBUG=1",
					"$(inherited)",
				);
				GCC_WARN_64_TO_32_BIT_CONVERSION = YES;
				GCC_WARN_ABOUT_RETURN_TYPE = YES_ERROR;
				GCC_WARN_UNDECLARED_SELECTOR = YES;
				GCC_WARN_UNINITIALIZED_AUTOS = YES_AGGRESSIVE;
				GCC_WARN_UNUSED_FUNCTION = YES;
				GCC_WARN_UNUSED_VARIABLE = YES;
				IPHONEOS_DEPLOYMENT_TARGET = 15.5;
				MTL_ENABLE_DEBUG_INFO = INCLUDE_SOURCE;
				MTL_FAST_MATH = YES;
				ONLY_ACTIVE_ARCH = YES;
				SDKROOT = iphoneos;
				SWIFT_ACTIVE_COMPILATION_CONDITIONS = DEBUG;
				SWIFT_OPTIMIZATION_LEVEL = "-Onone";
			};
			name = Debug;
		};
		C4A5FC1528DC1D3A00167023 /* Release */ = {
			isa = XCBuildConfiguration;
			buildSettings = {
				ALWAYS_SEARCH_USER_PATHS = NO;
				CLANG_ANALYZER_NONNULL = YES;
				CLANG_ANALYZER_NUMBER_OBJECT_CONVERSION = YES_AGGRESSIVE;
				CLANG_CXX_LANGUAGE_STANDARD = "gnu++17";
				CLANG_ENABLE_MODULES = YES;
				CLANG_ENABLE_OBJC_ARC = YES;
				CLANG_ENABLE_OBJC_WEAK = YES;
				CLANG_WARN_BLOCK_CAPTURE_AUTORELEASING = YES;
				CLANG_WARN_BOOL_CONVERSION = YES;
				CLANG_WARN_COMMA = YES;
				CLANG_WARN_CONSTANT_CONVERSION = YES;
				CLANG_WARN_DEPRECATED_OBJC_IMPLEMENTATIONS = YES;
				CLANG_WARN_DIRECT_OBJC_ISA_USAGE = YES_ERROR;
				CLANG_WARN_DOCUMENTATION_COMMENTS = YES;
				CLANG_WARN_EMPTY_BODY = YES;
				CLANG_WARN_ENUM_CONVERSION = YES;
				CLANG_WARN_INFINITE_RECURSION = YES;
				CLANG_WARN_INT_CONVERSION = YES;
				CLANG_WARN_NON_LITERAL_NULL_CONVERSION = YES;
				CLANG_WARN_OBJC_IMPLICIT_RETAIN_SELF = YES;
				CLANG_WARN_OBJC_LITERAL_CONVERSION = YES;
				CLANG_WARN_OBJC_ROOT_CLASS = YES_ERROR;
				CLANG_WARN_QUOTED_INCLUDE_IN_FRAMEWORK_HEADER = YES;
				CLANG_WARN_RANGE_LOOP_ANALYSIS = YES;
				CLANG_WARN_STRICT_PROTOTYPES = YES;
				CLANG_WARN_SUSPICIOUS_MOVE = YES;
				CLANG_WARN_UNGUARDED_AVAILABILITY = YES_AGGRESSIVE;
				CLANG_WARN_UNREACHABLE_CODE = YES;
				CLANG_WARN__DUPLICATE_METHOD_MATCH = YES;
				COPY_PHASE_STRIP = NO;
				DEBUG_INFORMATION_FORMAT = "dwarf-with-dsym";
				ENABLE_NS_ASSERTIONS = NO;
				ENABLE_STRICT_OBJC_MSGSEND = YES;
				GCC_C_LANGUAGE_STANDARD = gnu11;
				GCC_NO_COMMON_BLOCKS = YES;
				GCC_WARN_64_TO_32_BIT_CONVERSION = YES;
				GCC_WARN_ABOUT_RETURN_TYPE = YES_ERROR;
				GCC_WARN_UNDECLARED_SELECTOR = YES;
				GCC_WARN_UNINITIALIZED_AUTOS = YES_AGGRESSIVE;
				GCC_WARN_UNUSED_FUNCTION = YES;
				GCC_WARN_UNUSED_VARIABLE = YES;
				IPHONEOS_DEPLOYMENT_TARGET = 15.5;
				MTL_ENABLE_DEBUG_INFO = NO;
				MTL_FAST_MATH = YES;
				SDKROOT = iphoneos;
				SWIFT_COMPILATION_MODE = wholemodule;
				SWIFT_OPTIMIZATION_LEVEL = "-O";
				VALIDATE_PRODUCT = YES;
			};
			name = Release;
		};
		C4A5FC1728DC1D3A00167023 /* Debug */ = {
			isa = XCBuildConfiguration;
			buildSettings = {
				ASSETCATALOG_COMPILER_APPICON_NAME = AppIcon;
				ASSETCATALOG_COMPILER_GLOBAL_ACCENT_COLOR_NAME = AccentColor;
				CODE_SIGN_STYLE = Automatic;
				CURRENT_PROJECT_VERSION = 1;
				DEVELOPMENT_ASSET_PATHS = "\"Africa/Preview Content\"";
				DEVELOPMENT_TEAM = 3R595F7GX6;
				ENABLE_PREVIEWS = YES;
				GENERATE_INFOPLIST_FILE = YES;
				INFOPLIST_FILE = Africa/Info.plist;
				INFOPLIST_KEY_UIApplicationSceneManifest_Generation = YES;
				INFOPLIST_KEY_UIApplicationSupportsIndirectInputEvents = YES;
				INFOPLIST_KEY_UISupportedInterfaceOrientations_iPad = "UIInterfaceOrientationPortrait UIInterfaceOrientationPortraitUpsideDown UIInterfaceOrientationLandscapeLeft UIInterfaceOrientationLandscapeRight";
				INFOPLIST_KEY_UISupportedInterfaceOrientations_iPhone = "UIInterfaceOrientationPortrait UIInterfaceOrientationLandscapeLeft UIInterfaceOrientationLandscapeRight";
				INFOPLIST_KEY_UIUserInterfaceStyle = Dark;
				LD_RUNPATH_SEARCH_PATHS = (
					"$(inherited)",
					"@executable_path/Frameworks",
				);
				MARKETING_VERSION = 1.0;
				PRODUCT_BUNDLE_IDENTIFIER = com.harvey.herrera.Africa;
				PRODUCT_NAME = "$(TARGET_NAME)";
				SWIFT_EMIT_LOC_STRINGS = YES;
				SWIFT_VERSION = 5.0;
				TARGETED_DEVICE_FAMILY = "1,2";
			};
			name = Debug;
		};
		C4A5FC1828DC1D3A00167023 /* Release */ = {
			isa = XCBuildConfiguration;
			buildSettings = {
				ASSETCATALOG_COMPILER_APPICON_NAME = AppIcon;
				ASSETCATALOG_COMPILER_GLOBAL_ACCENT_COLOR_NAME = AccentColor;
				CODE_SIGN_STYLE = Automatic;
				CURRENT_PROJECT_VERSION = 1;
				DEVELOPMENT_ASSET_PATHS = "\"Africa/Preview Content\"";
				DEVELOPMENT_TEAM = 3R595F7GX6;
				ENABLE_PREVIEWS = YES;
				GENERATE_INFOPLIST_FILE = YES;
				INFOPLIST_FILE = Africa/Info.plist;
				INFOPLIST_KEY_UIApplicationSceneManifest_Generation = YES;
				INFOPLIST_KEY_UIApplicationSupportsIndirectInputEvents = YES;
				INFOPLIST_KEY_UISupportedInterfaceOrientations_iPad = "UIInterfaceOrientationPortrait UIInterfaceOrientationPortraitUpsideDown UIInterfaceOrientationLandscapeLeft UIInterfaceOrientationLandscapeRight";
				INFOPLIST_KEY_UISupportedInterfaceOrientations_iPhone = "UIInterfaceOrientationPortrait UIInterfaceOrientationLandscapeLeft UIInterfaceOrientationLandscapeRight";
				INFOPLIST_KEY_UIUserInterfaceStyle = Dark;
				LD_RUNPATH_SEARCH_PATHS = (
					"$(inherited)",
					"@executable_path/Frameworks",
				);
				MARKETING_VERSION = 1.0;
				PRODUCT_BUNDLE_IDENTIFIER = com.harvey.herrera.Africa;
				PRODUCT_NAME = "$(TARGET_NAME)";
				SWIFT_EMIT_LOC_STRINGS = YES;
				SWIFT_VERSION = 5.0;
				TARGETED_DEVICE_FAMILY = "1,2";
			};
			name = Release;
		};
/* End XCBuildConfiguration section */

/* Begin XCConfigurationList section */
		C4A5FC0328DC1D3800167023 /* Build configuration list for PBXProject "Africa" */ = {
			isa = XCConfigurationList;
			buildConfigurations = (
				C4A5FC1428DC1D3A00167023 /* Debug */,
				C4A5FC1528DC1D3A00167023 /* Release */,
			);
			defaultConfigurationIsVisible = 0;
			defaultConfigurationName = Release;
		};
		C4A5FC1628DC1D3A00167023 /* Build configuration list for PBXNativeTarget "Africa" */ = {
			isa = XCConfigurationList;
			buildConfigurations = (
				C4A5FC1728DC1D3A00167023 /* Debug */,
				C4A5FC1828DC1D3A00167023 /* Release */,
			);
			defaultConfigurationIsVisible = 0;
			defaultConfigurationName = Release;
		};
/* End XCConfigurationList section */
	};
	rootObject = C4A5FC0028DC1D3800167023 /* Project object */;
}
